
Microsoft Visual Studio Solution File, Format Version 12.00
# Visual Studio Version 17
VisualStudioVersion = 17.1.32228.430
MinimumVisualStudioVersion = 10.0.40219.1
Project("{9A19103F-16F7-4668-BE54-9A1E7A4F7556}") = "Loja", "Loja\Loja.csproj", "{C5FFE856-FCEF-4730-81B8-50C239D59E9B}"
EndProject
Global
	GlobalSection(SolutionConfigurationPlatforms) = preSolution
		Debug|Any CPU = Debug|Any CPU
		Release|Any CPU = Release|Any CPU
	EndGlobalSection
	GlobalSection(ProjectConfigurationPlatforms) = postSolution
		{C5FFE856-FCEF-4730-81B8-50C239D59E9B}.Debug|Any CPU.ActiveCfg = Debug|Any CPU
		{C5FFE856-FCEF-4730-81B8-50C239D59E9B}.Debug|Any CPU.Build.0 = Debug|Any CPU
		{C5FFE856-FCEF-4730-81B8-50C239D59E9B}.Release|Any CPU.ActiveCfg = Release|Any CPU
		{C5FFE856-FCEF-4730-81B8-50C239D59E9B}.Release|Any CPU.Build.0 = Release|Any CPU
	EndGlobalSection
	GlobalSection(SolutionProperties) = preSolution
		HideSolutionNode = FALSE
	EndGlobalSection
	GlobalSection(ExtensibilityGlobals) = postSolution
		SolutionGuid = {81407418-23FC-4E14-9516-C5C67F27AB5E}
	EndGlobalSection
EndGlobal
